{
  "name": "goit-jshw-08",
  "lockfileVersion": 3,
  "requires": true,
  "packages": {
    "": {
      "dependencies": {
        "lodash.throttle": "^4.1.1",
        "simplelightbox": "^2.14.3"
      }
    },
    "node_modules/lodash.throttle": {
      "version": "4.1.1",
      "resolved": "https://registry.npmjs.org/lodash.throttle/-/lodash.throttle-4.1.1.tgz",
      "integrity": "sha512-wIkUCfVKpVsWo3JSZlc+8MB5it+2AN5W8J7YVMST30UrvcQNZ1Okbj+rbVniijTWE6FGYy4XJq/rHkas8qJMLQ=="
    },
    "node_modules/simplelightbox": {
      "version": "2.14.3",
      "resolved": "https://registry.npmjs.org/simplelightbox/-/simplelightbox-2.14.3.tgz",
      "integrity": "sha512-k2MxHsoRoFDPumO7KTPyqvUPtXAnykCuEZ5xQ7YN8Jq4XF+QLyhWVblXLRCYMRp4+TiNR7PCrcpocW7oQmgSQQ=="
    }
  }
}
